
Microsoft Visual Studio Solution File, Format Version 12.00
# Visual Studio Version 16
VisualStudioVersion = 16.0.29509.3
MinimumVisualStudioVersion = 10.0.40219.1
Project("{FAE04EC0-301F-11D3-BF4B-00C04F79EFBC}") = "SmartInItProjekat.Tests", "SmartInItProjekat.Tests\SmartInItProjekat.Tests.csproj", "{09A7EA4D-6335-47A3-A81C-B9B6DE460C6D}"
EndProject
Project("{FAE04EC0-301F-11D3-BF4B-00C04F79EFBC}") = "SmartInItProjekat", "SmartInItProjekat\SmartInItProjekat.csproj", "{756EB429-BA62-4B80-ADDF-BC0A05854F55}"
EndProject
Global
	GlobalSection(SolutionConfigurationPlatforms) = preSolution
		Debug|Any CPU = Debug|Any CPU
		Release|Any CPU = Release|Any CPU
	EndGlobalSection
	GlobalSection(ProjectConfigurationPlatforms) = postSolution
		{09A7EA4D-6335-47A3-A81C-B9B6DE460C6D}.Debug|Any CPU.ActiveCfg = Debug|Any CPU
		{09A7EA4D-6335-47A3-A81C-B9B6DE460C6D}.Debug|Any CPU.Build.0 = Debug|Any CPU
		{09A7EA4D-6335-47A3-A81C-B9B6DE460C6D}.Release|Any CPU.ActiveCfg = Release|Any CPU
		{09A7EA4D-6335-47A3-A81C-B9B6DE460C6D}.Release|Any CPU.Build.0 = Release|Any CPU
		{756EB429-BA62-4B80-ADDF-BC0A05854F55}.Debug|Any CPU.ActiveCfg = Debug|Any CPU
		{756EB429-BA62-4B80-ADDF-BC0A05854F55}.Debug|Any CPU.Build.0 = Debug|Any CPU
		{756EB429-BA62-4B80-ADDF-BC0A05854F55}.Release|Any CPU.ActiveCfg = Release|Any CPU
		{756EB429-BA62-4B80-ADDF-BC0A05854F55}.Release|Any CPU.Build.0 = Release|Any CPU
	EndGlobalSection
	GlobalSection(SolutionProperties) = preSolution
		HideSolutionNode = FALSE
	EndGlobalSection
	GlobalSection(ExtensibilityGlobals) = postSolution
		SolutionGuid = {F08C8B58-A8DC-40A4-A2BF-2F1B2E2A53EC}
	EndGlobalSection
EndGlobal
